
Microsoft Visual Studio Solution File, Format Version 12.00
# Visual Studio Version 16
VisualStudioVersion = 16.0.31129.286
MinimumVisualStudioVersion = 10.0.40219.1
Project("{2150E333-8FDC-42A3-9474-1A3956D46DE8}") = "3 - Domain", "3 - Domain", "{EB764158-BCB1-41A5-8ABA-5652B717CD08}"
EndProject
Project("{9A19103F-16F7-4668-BE54-9A1E7A4F7556}") = "PM.BazaarCore.Domain.Core", "src\PM.BazaarCore.Domain.Core\PM.BazaarCore.Domain.Core.csproj", "{5381CC8B-675D-424D-B1E8-C7B04729E4EE}"
EndProject
Project("{9A19103F-16F7-4668-BE54-9A1E7A4F7556}") = "PM.BazaarCore.Domain", "src\PM.BazaarCore.Domain\PM.BazaarCore.Domain.csproj", "{088D1BA1-7F87-4B52-B367-68BF7E21E389}"
EndProject
Project("{2150E333-8FDC-42A3-9474-1A3956D46DE8}") = "4 - Infrastructure", "4 - Infrastructure", "{356D5585-6594-4FF7-A982-BF2A62CED0CB}"
EndProject
Project("{2150E333-8FDC-42A3-9474-1A3956D46DE8}") = "4.2 - CrossCutting", "4.2 - CrossCutting", "{A215B887-2922-4BED-936C-4BE7B8FF909C}"
EndProject
Project("{9A19103F-16F7-4668-BE54-9A1E7A4F7556}") = "PM.BazaarCore.Infrastructure.CrossCutting.Configuration", "src\PM.Bazaar.Infrastructure.CrossCutting.Configuration\PM.BazaarCore.Infrastructure.CrossCutting.Configuration.csproj", "{7A37EFDD-45D5-4C0C-8FAB-03055F71E8EE}"
EndProject
Project("{2150E333-8FDC-42A3-9474-1A3956D46DE8}") = "4.1 - Data", "4.1 - Data", "{5D52CCDA-F8DC-4B9E-89D4-5E04A3839078}"
EndProject
Project("{9A19103F-16F7-4668-BE54-9A1E7A4F7556}") = "PM.BazaarCore.Infrastructure.Data", "src\PM.Bazaar.Infrastructure.Data\PM.BazaarCore.Infrastructure.Data.csproj", "{110C444F-07BA-4B1D-B0B8-B554ED604E7C}"
EndProject
Project("{9A19103F-16F7-4668-BE54-9A1E7A4F7556}") = "PM.BazaarCore.Infrastructure.CrossCutting.Identity", "src\PM.Bazaar.Infrastructure.CrossCutting.Identity\PM.BazaarCore.Infrastructure.CrossCutting.Identity.csproj", "{0A1D3CDC-FCC4-441A-9D9A-AB7839B11B3E}"
EndProject
Project("{2150E333-8FDC-42A3-9474-1A3956D46DE8}") = "1 - Services", "1 - Services", "{F3FE2C4B-344D-4765-B44D-21D68DA57252}"
EndProject
Project("{9A19103F-16F7-4668-BE54-9A1E7A4F7556}") = "PM.BazaarCore.Services.WebApi", "src\PM.BazaarCore.Services.WebApi\PM.BazaarCore.Services.WebApi.csproj", "{B8115833-B58D-43E2-99E4-56340D2C9E93}"
EndProject
Project("{2150E333-8FDC-42A3-9474-1A3956D46DE8}") = "2 - Application", "2 - Application", "{338A4563-CB68-482F-BF9D-C228A292E14A}"
EndProject
Project("{9A19103F-16F7-4668-BE54-9A1E7A4F7556}") = "PM.BazaarCore.Application", "src\PM.BazaarCore.Application\PM.BazaarCore.Application.csproj", "{6BA63380-A6C2-4322-A5D4-ACDDF38967C7}"
EndProject
Project("{9A19103F-16F7-4668-BE54-9A1E7A4F7556}") = "PM.BazaarCore.Infrastructure.CrossCutting.IoC", "src\PM.BazaarCore.Infrastructure.CrossCutting.IoC\PM.BazaarCore.Infrastructure.CrossCutting.IoC.csproj", "{0E62BCDE-97C9-4BC6-B527-1673572B9843}"
EndProject
Project("{9A19103F-16F7-4668-BE54-9A1E7A4F7556}") = "PM.BazaarCore.Infrastructure.CrossCutting.AspNetUtils", "src\PM.BazaarCore.Infrastructure.CrossCutting.AspNetFilters\PM.BazaarCore.Infrastructure.CrossCutting.AspNetUtils.csproj", "{CD8AF766-45B8-4C75-88B8-AC392888BFC3}"
EndProject
Global
	GlobalSection(SolutionConfigurationPlatforms) = preSolution
		Debug|Any CPU = Debug|Any CPU
		Release|Any CPU = Release|Any CPU
	EndGlobalSection
	GlobalSection(ProjectConfigurationPlatforms) = postSolution
		{5381CC8B-675D-424D-B1E8-C7B04729E4EE}.Debug|Any CPU.ActiveCfg = Debug|Any CPU
		{5381CC8B-675D-424D-B1E8-C7B04729E4EE}.Debug|Any CPU.Build.0 = Debug|Any CPU
		{5381CC8B-675D-424D-B1E8-C7B04729E4EE}.Release|Any CPU.ActiveCfg = Release|Any CPU
		{5381CC8B-675D-424D-B1E8-C7B04729E4EE}.Release|Any CPU.Build.0 = Release|Any CPU
		{088D1BA1-7F87-4B52-B367-68BF7E21E389}.Debug|Any CPU.ActiveCfg = Debug|Any CPU
		{088D1BA1-7F87-4B52-B367-68BF7E21E389}.Debug|Any CPU.Build.0 = Debug|Any CPU
		{088D1BA1-7F87-4B52-B367-68BF7E21E389}.Release|Any CPU.ActiveCfg = Release|Any CPU
		{088D1BA1-7F87-4B52-B367-68BF7E21E389}.Release|Any CPU.Build.0 = Release|Any CPU
		{7A37EFDD-45D5-4C0C-8FAB-03055F71E8EE}.Debug|Any CPU.ActiveCfg = Debug|Any CPU
		{7A37EFDD-45D5-4C0C-8FAB-03055F71E8EE}.Debug|Any CPU.Build.0 = Debug|Any CPU
		{7A37EFDD-45D5-4C0C-8FAB-03055F71E8EE}.Release|Any CPU.ActiveCfg = Release|Any CPU
		{7A37EFDD-45D5-4C0C-8FAB-03055F71E8EE}.Release|Any CPU.Build.0 = Release|Any CPU
		{110C444F-07BA-4B1D-B0B8-B554ED604E7C}.Debug|Any CPU.ActiveCfg = Debug|Any CPU
		{110C444F-07BA-4B1D-B0B8-B554ED604E7C}.Debug|Any CPU.Build.0 = Debug|Any CPU
		{110C444F-07BA-4B1D-B0B8-B554ED604E7C}.Release|Any CPU.ActiveCfg = Release|Any CPU
		{110C444F-07BA-4B1D-B0B8-B554ED604E7C}.Release|Any CPU.Build.0 = Release|Any CPU
		{0A1D3CDC-FCC4-441A-9D9A-AB7839B11B3E}.Debug|Any CPU.ActiveCfg = Debug|Any CPU
		{0A1D3CDC-FCC4-441A-9D9A-AB7839B11B3E}.Debug|Any CPU.Build.0 = Debug|Any CPU
		{0A1D3CDC-FCC4-441A-9D9A-AB7839B11B3E}.Release|Any CPU.ActiveCfg = Release|Any CPU
		{0A1D3CDC-FCC4-441A-9D9A-AB7839B11B3E}.Release|Any CPU.Build.0 = Release|Any CPU
		{B8115833-B58D-43E2-99E4-56340D2C9E93}.Debug|Any CPU.ActiveCfg = Debug|Any CPU
		{B8115833-B58D-43E2-99E4-56340D2C9E93}.Debug|Any CPU.Build.0 = Debug|Any CPU
		{B8115833-B58D-43E2-99E4-56340D2C9E93}.Release|Any CPU.ActiveCfg = Release|Any CPU
		{B8115833-B58D-43E2-99E4-56340D2C9E93}.Release|Any CPU.Build.0 = Release|Any CPU
		{6BA63380-A6C2-4322-A5D4-ACDDF38967C7}.Debug|Any CPU.ActiveCfg = Debug|Any CPU
		{6BA63380-A6C2-4322-A5D4-ACDDF38967C7}.Debug|Any CPU.Build.0 = Debug|Any CPU
		{6BA63380-A6C2-4322-A5D4-ACDDF38967C7}.Release|Any CPU.ActiveCfg = Release|Any CPU
		{6BA63380-A6C2-4322-A5D4-ACDDF38967C7}.Release|Any CPU.Build.0 = Release|Any CPU
		{0E62BCDE-97C9-4BC6-B527-1673572B9843}.Debug|Any CPU.ActiveCfg = Debug|Any CPU
		{0E62BCDE-97C9-4BC6-B527-1673572B9843}.Debug|Any CPU.Build.0 = Debug|Any CPU
		{0E62BCDE-97C9-4BC6-B527-1673572B9843}.Release|Any CPU.ActiveCfg = Release|Any CPU
		{0E62BCDE-97C9-4BC6-B527-1673572B9843}.Release|Any CPU.Build.0 = Release|Any CPU
		{CD8AF766-45B8-4C75-88B8-AC392888BFC3}.Debug|Any CPU.ActiveCfg = Debug|Any CPU
		{CD8AF766-45B8-4C75-88B8-AC392888BFC3}.Debug|Any CPU.Build.0 = Debug|Any CPU
		{CD8AF766-45B8-4C75-88B8-AC392888BFC3}.Release|Any CPU.ActiveCfg = Release|Any CPU
		{CD8AF766-45B8-4C75-88B8-AC392888BFC3}.Release|Any CPU.Build.0 = Release|Any CPU
	EndGlobalSection
	GlobalSection(SolutionProperties) = preSolution
		HideSolutionNode = FALSE
	EndGlobalSection
	GlobalSection(NestedProjects) = preSolution
		{5381CC8B-675D-424D-B1E8-C7B04729E4EE} = {EB764158-BCB1-41A5-8ABA-5652B717CD08}
		{088D1BA1-7F87-4B52-B367-68BF7E21E389} = {EB764158-BCB1-41A5-8ABA-5652B717CD08}
		{A215B887-2922-4BED-936C-4BE7B8FF909C} = {356D5585-6594-4FF7-A982-BF2A62CED0CB}
		{7A37EFDD-45D5-4C0C-8FAB-03055F71E8EE} = {A215B887-2922-4BED-936C-4BE7B8FF909C}
		{5D52CCDA-F8DC-4B9E-89D4-5E04A3839078} = {356D5585-6594-4FF7-A982-BF2A62CED0CB}
		{110C444F-07BA-4B1D-B0B8-B554ED604E7C} = {5D52CCDA-F8DC-4B9E-89D4-5E04A3839078}
		{0A1D3CDC-FCC4-441A-9D9A-AB7839B11B3E} = {A215B887-2922-4BED-936C-4BE7B8FF909C}
		{B8115833-B58D-43E2-99E4-56340D2C9E93} = {F3FE2C4B-344D-4765-B44D-21D68DA57252}
		{6BA63380-A6C2-4322-A5D4-ACDDF38967C7} = {338A4563-CB68-482F-BF9D-C228A292E14A}
		{0E62BCDE-97C9-4BC6-B527-1673572B9843} = {A215B887-2922-4BED-936C-4BE7B8FF909C}
		{CD8AF766-45B8-4C75-88B8-AC392888BFC3} = {A215B887-2922-4BED-936C-4BE7B8FF909C}
	EndGlobalSection
	GlobalSection(ExtensibilityGlobals) = postSolution
		SolutionGuid = {B1B8E3A7-308B-48D5-8C57-BA8F62023B8E}
	EndGlobalSection
EndGlobal
